
Microsoft Visual Studio Solution File, Format Version 12.00
# Visual Studio 15
VisualStudioVersion = 15.0.28307.852
MinimumVisualStudioVersion = 10.0.40219.1
Project("{FAE04EC0-301F-11D3-BF4B-00C04F79EFBC}") = "name-date-finder", "name-date-finder\name-date-finder.csproj", "{F6FB0626-58C2-4BC7-A799-D2C59E813CB0}"
EndProject
Project("{2150E333-8FDC-42A3-9474-1A3956D46DE8}") = "Solution Items", "Solution Items", "{C43A5633-02E5-4CF0-BE0A-3BC8040B8D8A}"
EndProject
Project("{FAE04EC0-301F-11D3-BF4B-00C04F79EFBC}") = "name-date-finderTests", "name-date-finderTests\name-date-finderTests.csproj", "{F067323F-761F-4273-8885-29DC35FE21F5}"
EndProject
Project("{2150E333-8FDC-42A3-9474-1A3956D46DE8}") = "Models", "Models", "{31252795-DF70-47BE-8E77-42DA1936481B}"
	ProjectSection(SolutionItems) = preProject
		NameDate.cs = NameDate.cs
	EndProjectSection
EndProject
Global
	GlobalSection(SolutionConfigurationPlatforms) = preSolution
		Debug|Any CPU = Debug|Any CPU
		Release|Any CPU = Release|Any CPU
	EndGlobalSection
	GlobalSection(ProjectConfigurationPlatforms) = postSolution
		{F6FB0626-58C2-4BC7-A799-D2C59E813CB0}.Debug|Any CPU.ActiveCfg = Debug|Any CPU
		{F6FB0626-58C2-4BC7-A799-D2C59E813CB0}.Debug|Any CPU.Build.0 = Debug|Any CPU
		{F6FB0626-58C2-4BC7-A799-D2C59E813CB0}.Release|Any CPU.ActiveCfg = Release|Any CPU
		{F6FB0626-58C2-4BC7-A799-D2C59E813CB0}.Release|Any CPU.Build.0 = Release|Any CPU
		{F067323F-761F-4273-8885-29DC35FE21F5}.Debug|Any CPU.ActiveCfg = Debug|Any CPU
		{F067323F-761F-4273-8885-29DC35FE21F5}.Debug|Any CPU.Build.0 = Debug|Any CPU
		{F067323F-761F-4273-8885-29DC35FE21F5}.Release|Any CPU.ActiveCfg = Release|Any CPU
		{F067323F-761F-4273-8885-29DC35FE21F5}.Release|Any CPU.Build.0 = Release|Any CPU
	EndGlobalSection
	GlobalSection(SolutionProperties) = preSolution
		HideSolutionNode = FALSE
	EndGlobalSection
	GlobalSection(ExtensibilityGlobals) = postSolution
		SolutionGuid = {958CF994-26A8-494A-9F38-049D5F3AEB64}
	EndGlobalSection
EndGlobal
